
Microsoft Visual Studio Solution File, Format Version 12.00
# Visual Studio 14
VisualStudioVersion = 14.0.25420.1
MinimumVisualStudioVersion = 10.0.40219.1
Project("{FAE04EC0-301F-11D3-BF4B-00C04F79EFBC}") = "StylusAppU", "StylusAppU\StylusAppU.csproj", "{18994307-2634-4F38-A6D8-3A8206EFC7DC}"
EndProject
Project("{FAE04EC0-301F-11D3-BF4B-00C04F79EFBC}") = "Utils", "Utils\Utils.csproj", "{D337131D-01F4-4BAB-9954-A5415FB832D9}"
EndProject
Project("{FAE04EC0-301F-11D3-BF4B-00C04F79EFBC}") = "StylusAppU.Data", "StylusAppU.Data\StylusAppU.Data.csproj", "{211E1847-89F5-498C-8805-58A39826AC04}"
EndProject
Global
	GlobalSection(SolutionConfigurationPlatforms) = preSolution
		Debug|Any CPU = Debug|Any CPU
		Debug|ARM = Debug|ARM
		Debug|x64 = Debug|x64
		Debug|x86 = Debug|x86
		Release|Any CPU = Release|Any CPU
		Release|ARM = Release|ARM
		Release|x64 = Release|x64
		Release|x86 = Release|x86
	EndGlobalSection
	GlobalSection(ProjectConfigurationPlatforms) = postSolution
		{18994307-2634-4F38-A6D8-3A8206EFC7DC}.Debug|Any CPU.ActiveCfg = Debug|x86
		{18994307-2634-4F38-A6D8-3A8206EFC7DC}.Debug|ARM.ActiveCfg = Debug|ARM
		{18994307-2634-4F38-A6D8-3A8206EFC7DC}.Debug|ARM.Build.0 = Debug|ARM
		{18994307-2634-4F38-A6D8-3A8206EFC7DC}.Debug|ARM.Deploy.0 = Debug|ARM
		{18994307-2634-4F38-A6D8-3A8206EFC7DC}.Debug|x64.ActiveCfg = Debug|x64
		{18994307-2634-4F38-A6D8-3A8206EFC7DC}.Debug|x64.Build.0 = Debug|x64
		{18994307-2634-4F38-A6D8-3A8206EFC7DC}.Debug|x64.Deploy.0 = Debug|x64
		{18994307-2634-4F38-A6D8-3A8206EFC7DC}.Debug|x86.ActiveCfg = Debug|x86
		{18994307-2634-4F38-A6D8-3A8206EFC7DC}.Debug|x86.Build.0 = Debug|x86
		{18994307-2634-4F38-A6D8-3A8206EFC7DC}.Debug|x86.Deploy.0 = Debug|x86
		{18994307-2634-4F38-A6D8-3A8206EFC7DC}.Release|Any CPU.ActiveCfg = Release|x86
		{18994307-2634-4F38-A6D8-3A8206EFC7DC}.Release|ARM.ActiveCfg = Release|ARM
		{18994307-2634-4F38-A6D8-3A8206EFC7DC}.Release|ARM.Build.0 = Release|ARM
		{18994307-2634-4F38-A6D8-3A8206EFC7DC}.Release|ARM.Deploy.0 = Release|ARM
		{18994307-2634-4F38-A6D8-3A8206EFC7DC}.Release|x64.ActiveCfg = Release|x64
		{18994307-2634-4F38-A6D8-3A8206EFC7DC}.Release|x64.Build.0 = Release|x64
		{18994307-2634-4F38-A6D8-3A8206EFC7DC}.Release|x64.Deploy.0 = Release|x64
		{18994307-2634-4F38-A6D8-3A8206EFC7DC}.Release|x86.ActiveCfg = Release|x86
		{18994307-2634-4F38-A6D8-3A8206EFC7DC}.Release|x86.Build.0 = Release|x86
		{18994307-2634-4F38-A6D8-3A8206EFC7DC}.Release|x86.Deploy.0 = Release|x86
		{D337131D-01F4-4BAB-9954-A5415FB832D9}.Debug|Any CPU.ActiveCfg = Debug|Any CPU
		{D337131D-01F4-4BAB-9954-A5415FB832D9}.Debug|Any CPU.Build.0 = Debug|Any CPU
		{D337131D-01F4-4BAB-9954-A5415FB832D9}.Debug|ARM.ActiveCfg = Debug|ARM
		{D337131D-01F4-4BAB-9954-A5415FB832D9}.Debug|ARM.Build.0 = Debug|ARM
		{D337131D-01F4-4BAB-9954-A5415FB832D9}.Debug|x64.ActiveCfg = Debug|x64
		{D337131D-01F4-4BAB-9954-A5415FB832D9}.Debug|x64.Build.0 = Debug|x64
		{D337131D-01F4-4BAB-9954-A5415FB832D9}.Debug|x86.ActiveCfg = Debug|x86
		{D337131D-01F4-4BAB-9954-A5415FB832D9}.Debug|x86.Build.0 = Debug|x86
		{D337131D-01F4-4BAB-9954-A5415FB832D9}.Release|Any CPU.ActiveCfg = Release|Any CPU
		{D337131D-01F4-4BAB-9954-A5415FB832D9}.Release|Any CPU.Build.0 = Release|Any CPU
		{D337131D-01F4-4BAB-9954-A5415FB832D9}.Release|ARM.ActiveCfg = Release|ARM
		{D337131D-01F4-4BAB-9954-A5415FB832D9}.Release|ARM.Build.0 = Release|ARM
		{D337131D-01F4-4BAB-9954-A5415FB832D9}.Release|x64.ActiveCfg = Release|x64
		{D337131D-01F4-4BAB-9954-A5415FB832D9}.Release|x64.Build.0 = Release|x64
		{D337131D-01F4-4BAB-9954-A5415FB832D9}.Release|x86.ActiveCfg = Release|x86
		{D337131D-01F4-4BAB-9954-A5415FB832D9}.Release|x86.Build.0 = Release|x86
		{211E1847-89F5-498C-8805-58A39826AC04}.Debug|Any CPU.ActiveCfg = Debug|Any CPU
		{211E1847-89F5-498C-8805-58A39826AC04}.Debug|Any CPU.Build.0 = Debug|Any CPU
		{211E1847-89F5-498C-8805-58A39826AC04}.Debug|ARM.ActiveCfg = Debug|ARM
		{211E1847-89F5-498C-8805-58A39826AC04}.Debug|ARM.Build.0 = Debug|ARM
		{211E1847-89F5-498C-8805-58A39826AC04}.Debug|x64.ActiveCfg = Debug|x64
		{211E1847-89F5-498C-8805-58A39826AC04}.Debug|x64.Build.0 = Debug|x64
		{211E1847-89F5-498C-8805-58A39826AC04}.Debug|x86.ActiveCfg = Debug|x86
		{211E1847-89F5-498C-8805-58A39826AC04}.Debug|x86.Build.0 = Debug|x86
		{211E1847-89F5-498C-8805-58A39826AC04}.Release|Any CPU.ActiveCfg = Release|Any CPU
		{211E1847-89F5-498C-8805-58A39826AC04}.Release|Any CPU.Build.0 = Release|Any CPU
		{211E1847-89F5-498C-8805-58A39826AC04}.Release|ARM.ActiveCfg = Release|ARM
		{211E1847-89F5-498C-8805-58A39826AC04}.Release|ARM.Build.0 = Release|ARM
		{211E1847-89F5-498C-8805-58A39826AC04}.Release|x64.ActiveCfg = Release|x64
		{211E1847-89F5-498C-8805-58A39826AC04}.Release|x64.Build.0 = Release|x64
		{211E1847-89F5-498C-8805-58A39826AC04}.Release|x86.ActiveCfg = Release|x86
		{211E1847-89F5-498C-8805-58A39826AC04}.Release|x86.Build.0 = Release|x86
	EndGlobalSection
	GlobalSection(SolutionProperties) = preSolution
		HideSolutionNode = FALSE
	EndGlobalSection
EndGlobal
